
Microsoft Visual Studio Solution File, Format Version 12.00
# Visual Studio Version 17
VisualStudioVersion = 17.12.35521.163
MinimumVisualStudioVersion = 10.0.40219.1
Project("{2150E333-8FDC-42A3-9474-1A3956D46DE8}") = "Services", "Services", "{965A9583-77FA-4EC7-A2B1-3DE3CEA89768}"
EndProject
Project("{2150E333-8FDC-42A3-9474-1A3956D46DE8}") = "Catalog", "Catalog", "{679A6E87-E982-4E48-BDB8-F4198B27E2C6}"
EndProject
Project("{FAE04EC0-301F-11D3-BF4B-00C04F79EFBC}") = "Catalog.API", "Services\Catalog\Catalog.API\Catalog.API.csproj", "{564D1311-3FC6-4996-8913-0771FD5C9605}"
EndProject
Project("{2150E333-8FDC-42A3-9474-1A3956D46DE8}") = "BuildingBlocks", "BuildingBlocks", "{3D6E2DB8-A5F8-4675-BC30-8C0AED524140}"
EndProject
Project("{FAE04EC0-301F-11D3-BF4B-00C04F79EFBC}") = "BuildingBlocks", "BuildingBlocks\BuidlingBlocks\BuildingBlocks.csproj", "{E676A391-B526-4BA4-829D-7DD1C47BFCCD}"
EndProject
Project("{E53339B2-1760-4266-BCC7-CA923CBCF16C}") = "docker-compose", "docker-compose.dcproj", "{C59D2F16-FC14-4D76-8777-767092BDDD84}"
EndProject
Project("{2150E333-8FDC-42A3-9474-1A3956D46DE8}") = "Basket", "Basket", "{D6777657-8A32-460F-87AD-70FF2947D008}"
EndProject
Project("{FAE04EC0-301F-11D3-BF4B-00C04F79EFBC}") = "Basket.API", "Services\Basket\Basket.API\Basket.API.csproj", "{27E974D1-7D74-4E1E-8D79-A75514CED96E}"
EndProject
Global
	GlobalSection(SolutionConfigurationPlatforms) = preSolution
		Debug|Any CPU = Debug|Any CPU
		Release|Any CPU = Release|Any CPU
	EndGlobalSection
	GlobalSection(ProjectConfigurationPlatforms) = postSolution
		{564D1311-3FC6-4996-8913-0771FD5C9605}.Debug|Any CPU.ActiveCfg = Debug|Any CPU
		{564D1311-3FC6-4996-8913-0771FD5C9605}.Debug|Any CPU.Build.0 = Debug|Any CPU
		{564D1311-3FC6-4996-8913-0771FD5C9605}.Release|Any CPU.ActiveCfg = Release|Any CPU
		{564D1311-3FC6-4996-8913-0771FD5C9605}.Release|Any CPU.Build.0 = Release|Any CPU
		{E676A391-B526-4BA4-829D-7DD1C47BFCCD}.Debug|Any CPU.ActiveCfg = Debug|Any CPU
		{E676A391-B526-4BA4-829D-7DD1C47BFCCD}.Debug|Any CPU.Build.0 = Debug|Any CPU
		{E676A391-B526-4BA4-829D-7DD1C47BFCCD}.Release|Any CPU.ActiveCfg = Release|Any CPU
		{E676A391-B526-4BA4-829D-7DD1C47BFCCD}.Release|Any CPU.Build.0 = Release|Any CPU
		{C59D2F16-FC14-4D76-8777-767092BDDD84}.Debug|Any CPU.ActiveCfg = Debug|Any CPU
		{C59D2F16-FC14-4D76-8777-767092BDDD84}.Debug|Any CPU.Build.0 = Debug|Any CPU
		{C59D2F16-FC14-4D76-8777-767092BDDD84}.Release|Any CPU.ActiveCfg = Release|Any CPU
		{C59D2F16-FC14-4D76-8777-767092BDDD84}.Release|Any CPU.Build.0 = Release|Any CPU
		{27E974D1-7D74-4E1E-8D79-A75514CED96E}.Debug|Any CPU.ActiveCfg = Debug|Any CPU
		{27E974D1-7D74-4E1E-8D79-A75514CED96E}.Debug|Any CPU.Build.0 = Debug|Any CPU
		{27E974D1-7D74-4E1E-8D79-A75514CED96E}.Release|Any CPU.ActiveCfg = Release|Any CPU
		{27E974D1-7D74-4E1E-8D79-A75514CED96E}.Release|Any CPU.Build.0 = Release|Any CPU
	EndGlobalSection
	GlobalSection(SolutionProperties) = preSolution
		HideSolutionNode = FALSE
	EndGlobalSection
	GlobalSection(NestedProjects) = preSolution
		{679A6E87-E982-4E48-BDB8-F4198B27E2C6} = {965A9583-77FA-4EC7-A2B1-3DE3CEA89768}
		{564D1311-3FC6-4996-8913-0771FD5C9605} = {679A6E87-E982-4E48-BDB8-F4198B27E2C6}
		{E676A391-B526-4BA4-829D-7DD1C47BFCCD} = {3D6E2DB8-A5F8-4675-BC30-8C0AED524140}
		{D6777657-8A32-460F-87AD-70FF2947D008} = {965A9583-77FA-4EC7-A2B1-3DE3CEA89768}
		{27E974D1-7D74-4E1E-8D79-A75514CED96E} = {D6777657-8A32-460F-87AD-70FF2947D008}
	EndGlobalSection
EndGlobal
